
Microsoft Visual Studio Solution File, Format Version 12.00
# Visual Studio Version 17
VisualStudioVersion = 17.7.34003.232
MinimumVisualStudioVersion = 10.0.40219.1
Project("{FAE04EC0-301F-11D3-BF4B-00C04F79EFBC}") = "Telephone Book [SQL]", "Telephone Book [SQL].csproj", "{40E7C687-CACC-4FC8-ADA2-71F3597BB470}"
EndProject
Global
	GlobalSection(SolutionConfigurationPlatforms) = preSolution
		Debug|Any CPU = Debug|Any CPU
		Release|Any CPU = Release|Any CPU
	EndGlobalSection
	GlobalSection(ProjectConfigurationPlatforms) = postSolution
		{40E7C687-CACC-4FC8-ADA2-71F3597BB470}.Debug|Any CPU.ActiveCfg = Debug|Any CPU
		{40E7C687-CACC-4FC8-ADA2-71F3597BB470}.Debug|Any CPU.Build.0 = Debug|Any CPU
		{40E7C687-CACC-4FC8-ADA2-71F3597BB470}.Release|Any CPU.ActiveCfg = Release|Any CPU
		{40E7C687-CACC-4FC8-ADA2-71F3597BB470}.Release|Any CPU.Build.0 = Release|Any CPU
	EndGlobalSection
	GlobalSection(SolutionProperties) = preSolution
		HideSolutionNode = FALSE
	EndGlobalSection
	GlobalSection(ExtensibilityGlobals) = postSolution
		SolutionGuid = {D5147593-6857-4F05-A761-3B8EEF8807A7}
	EndGlobalSection
EndGlobal
